github.com/aslakhellesoy/gox v0.4.0/go.mod h1:eWI5kaukwHdXWzQ7Hhfbb/F2NSO+VCPHIcsovzQd2sY=
github.com/cucumber/cucumber-messages-go/v2 v2.1.0/go.mod h1:gcqqQ2QDOn2kUqcrzQ0Py6Tpks0SJTKbBzU2KetX/C8=
github.com/cucumber/cucumber-messages-go/v2 v2.1.1 h1:yqps0a/e2K2OqCRkwvCq2SmpwhldtA9akhVC7GV89hs=
github.com/cucumber/cucumber-messages-go/v2 v2.1.1/go.mod h1:gcqqQ2QDOn2kUqcrzQ0Py6Tpks0SJTKbBzU2KetX/C8=
github.com/cucumber/gherkin-go v0.0.0-20181101233123-1cee4e3bba6a h1:eG1AfbaX1v7XMaStqSvoBvTmenUUD3e3FhWKxQ911ww=
github.com/cucumber/gherkin-go v0.0.0-20181101233123-1cee4e3bba6a/go.mod h1:SWc832pdqe14E+l+nLmwDQSTafjHJKVDF8EZhx7Yrlo=
github.com/davecgh/go-spew v1.1.1 h1:vj9j/u1bqnvCEfJOwUhtlOARqs3+rkHYY13jYWTU97c=
github.com/davecgh/go-spew v1.1.1/go.mod h1:J7Y8YcW2NihsgmVo/mv3lAwl/skON4iLHjSsI+c5H38=
github.com/docopt/docopt-go v0.0.0-20180111231733-ee0de3bc6815 h1:bWDMxwH3px2JBh6AyO7hdCn/PkvCZXii8TGj7sbtEbQ=
github.com/docopt/docopt-go v0.0.0-20180111231733-ee0de3bc6815/go.mod h1:WwZ+bS3ebgob9U8Nd0kOddGdZWjyMGR8Wziv+TBNwSE=
github.com/gogo/protobuf v1.1.1 h1:72R+M5VuhED/KujmZVcIquuo8mBgX4oVda//DQb3PXo=
github.com/gogo/protobuf v1.1.1/go.mod h1:r8qH/GZQm5c6nD/R0oafs1akxWv10x8SbQlK7atdtwQ=
github.com/golang/protobuf v1.2.0/go.mod h1:6lQm79b+lXiMfvg/cZm0SGofjICqVBUtrP5yJMmIC1U=
github.com/mitchellh/iochan v1.0.0/go.mod h1:JwYml1nuB7xOzsp52dPpHFffvOCDupsG0QubkSMEySY=
github.com/pmezard/go-difflib v1.0.0 h1:4DBwDE0NGyQoBHbLQYPwSUPoCMWR5BEzIk/f1lZbAQM=
github.com/pmezard/go-difflib v1.0.0/go.mod h1:iKH77koFhYxTK1pcRnkKkqfTogsbg7gZNVY4sRDYZ/4=
github.com/stretchr/objx v0.1.1/go.mod h1:HFkY916IF+rwdDfMAkV7OtwuqBVzrE8GR6GFx+wExME=
github.com/stretchr/testify v1.2.2 h1:bSDNvY7ZPG5RlJ8otE/7V6gMiyenm9RtJ7IUVIAoJ1w=
github.com/stretchr/testify v1.2.2/go.mod h1:a8OnRcib4nhh0OaRAV+Yts87kKdq0PP7pXfy6kDkUVs=
github.com/willf/pad v0.0.0-20190207183901-eccfe5d84172 h1:fXKBlHDmlnhSIrZos0W9Qwh/ISUdxUckckjHO//2G3c=
github.com/willf/pad v0.0.0-20190207183901-eccfe5d84172/go.mod h1:+pVHwmjc9CH7ugBFxESIwQkXkVj0gUj4cFp63TLwP1Y=
golang.org/x/sync v0.0.0-20190227155943-e225da77a7e6 h1:bjcUS9ztw9kFmmIxJInhon/0Is3p+EHBKNgquIzo1OI=
golang.org/x/sync v0.0.0-20190227155943-e225da77a7e6/go.mod h1:RxMgew5VJxzue5/jJTE5uejpjVlOe/izrB70Jof72aM=
